
Microsoft Visual Studio Solution File, Format Version 12.00
# Visual Studio Version 17
VisualStudioVersion = 17.4.33103.184
MinimumVisualStudioVersion = 10.0.40219.1
Project("{FAE04EC0-301F-11D3-BF4B-00C04F79EFBC}") = "ReflectionHelper", "ReflectionHelper\ReflectionHelper.csproj", "{B2259834-EFC9-4DCE-91ED-2BB2E14174F6}"
EndProject
Global
	GlobalSection(SolutionConfigurationPlatforms) = preSolution
		Debug|Any CPU = Debug|Any CPU
		Release|Any CPU = Release|Any CPU
	EndGlobalSection
	GlobalSection(ProjectConfigurationPlatforms) = postSolution
		{B2259834-EFC9-4DCE-91ED-2BB2E14174F6}.Debug|Any CPU.ActiveCfg = Debug|Any CPU
		{B2259834-EFC9-4DCE-91ED-2BB2E14174F6}.Debug|Any CPU.Build.0 = Debug|Any CPU
		{B2259834-EFC9-4DCE-91ED-2BB2E14174F6}.Release|Any CPU.ActiveCfg = Release|Any CPU
		{B2259834-EFC9-4DCE-91ED-2BB2E14174F6}.Release|Any CPU.Build.0 = Release|Any CPU
	EndGlobalSection
	GlobalSection(SolutionProperties) = preSolution
		HideSolutionNode = FALSE
	EndGlobalSection
	GlobalSection(ExtensibilityGlobals) = postSolution
		SolutionGuid = {87D44E90-CD99-40CE-B00D-A1778F864F63}
	EndGlobalSection
EndGlobal
